
Microsoft Visual Studio Solution File, Format Version 12.00
# Visual Studio Version 16
VisualStudioVersion = 16.0.31424.327
MinimumVisualStudioVersion = 10.0.40219.1
Project("{FAE04EC0-301F-11D3-BF4B-00C04F79EFBC}") = "Fancy_Calculator", "Fancy_Calculator.csproj", "{5F20F9FF-A685-4EE4-A48D-A401A6C06128}"
EndProject
Global
	GlobalSection(SolutionConfigurationPlatforms) = preSolution
		Debug|Any CPU = Debug|Any CPU
		Release|Any CPU = Release|Any CPU
	EndGlobalSection
	GlobalSection(ProjectConfigurationPlatforms) = postSolution
		{5F20F9FF-A685-4EE4-A48D-A401A6C06128}.Debug|Any CPU.ActiveCfg = Debug|Any CPU
		{5F20F9FF-A685-4EE4-A48D-A401A6C06128}.Debug|Any CPU.Build.0 = Debug|Any CPU
		{5F20F9FF-A685-4EE4-A48D-A401A6C06128}.Release|Any CPU.ActiveCfg = Release|Any CPU
		{5F20F9FF-A685-4EE4-A48D-A401A6C06128}.Release|Any CPU.Build.0 = Release|Any CPU
	EndGlobalSection
	GlobalSection(SolutionProperties) = preSolution
		HideSolutionNode = FALSE
	EndGlobalSection
	GlobalSection(ExtensibilityGlobals) = postSolution
		SolutionGuid = {403337E5-EAF1-44D0-B20E-118F18ACAF02}
	EndGlobalSection
EndGlobal
